
Microsoft Visual Studio Solution File, Format Version 12.00
# Visual Studio Version 17
VisualStudioVersion = 17.9.34728.123
MinimumVisualStudioVersion = 10.0.40219.1
Project("{9A19103F-16F7-4668-BE54-9A1E7A4F7556}") = "NotificationService", "NotificationService\NotificationService.csproj", "{0761C7FB-5CC8-438E-994C-45EBF1F92DFC}"
EndProject
Project("{FAE04EC0-301F-11D3-BF4B-00C04F79EFBC}") = "Test", "Test\Test.csproj", "{1DCD29EC-1DB9-486A-8D91-9B7580215DDD}"
EndProject
Global
	GlobalSection(SolutionConfigurationPlatforms) = preSolution
		Debug|Any CPU = Debug|Any CPU
		Release|Any CPU = Release|Any CPU
	EndGlobalSection
	GlobalSection(ProjectConfigurationPlatforms) = postSolution
		{0761C7FB-5CC8-438E-994C-45EBF1F92DFC}.Debug|Any CPU.ActiveCfg = Debug|Any CPU
		{0761C7FB-5CC8-438E-994C-45EBF1F92DFC}.Debug|Any CPU.Build.0 = Debug|Any CPU
		{0761C7FB-5CC8-438E-994C-45EBF1F92DFC}.Release|Any CPU.ActiveCfg = Release|Any CPU
		{0761C7FB-5CC8-438E-994C-45EBF1F92DFC}.Release|Any CPU.Build.0 = Release|Any CPU
		{1DCD29EC-1DB9-486A-8D91-9B7580215DDD}.Debug|Any CPU.ActiveCfg = Debug|Any CPU
		{1DCD29EC-1DB9-486A-8D91-9B7580215DDD}.Debug|Any CPU.Build.0 = Debug|Any CPU
		{1DCD29EC-1DB9-486A-8D91-9B7580215DDD}.Release|Any CPU.ActiveCfg = Release|Any CPU
		{1DCD29EC-1DB9-486A-8D91-9B7580215DDD}.Release|Any CPU.Build.0 = Release|Any CPU
	EndGlobalSection
	GlobalSection(SolutionProperties) = preSolution
		HideSolutionNode = FALSE
	EndGlobalSection
	GlobalSection(ExtensibilityGlobals) = postSolution
		SolutionGuid = {0BD3D52A-2DEA-4632-A441-633B61B3D877}
	EndGlobalSection
EndGlobal
